// !$*UTF8*$!
{
	archiveVersion = 1;
	classes = {
	};
	objectVersion = 56;
	objects = {

/* Begin PBXBuildFile section */
		6E979B652BA0B4190005604A /* ClassPictureApp.swift in Sources */ = {isa = PBXBuildFile; fileRef = 6E979B642BA0B4190005604A /* ClassPictureApp.swift */; };
		6E979B672BA0B4190005604A /* ContentView.swift in Sources */ = {isa = PBXBuildFile; fileRef = 6E979B662BA0B4190005604A /* ContentView.swift */; };
		6E979B692BA0B41C0005604A /* Assets.xcassets in Resources */ = {isa = PBXBuildFile; fileRef = 6E979B682BA0B41C0005604A /* Assets.xcassets */; };
		6E979B6C2BA0B41C0005604A /* Preview Assets.xcassets in Resources */ = {isa = PBXBuildFile; fileRef = 6E979B6B2BA0B41C0005604A /* Preview Assets.xcassets */; };
		6E979B762BA0B41C0005604A /* ClassPictureTests.swift in Sources */ = {isa = PBXBuildFile; fileRef = 6E979B752BA0B41C0005604A /* ClassPictureTests.swift */; };
		6E979B802BA0B41C0005604A /* ClassPictureUITests.swift in Sources */ = {isa = PBXBuildFile; fileRef = 6E979B7F2BA0B41C0005604A /* ClassPictureUITests.swift */; };
		6E979B822BA0B41C0005604A /* ClassPictureUITestsLaunchTests.swift in Sources */ = {isa = PBXBuildFile; fileRef = 6E979B812BA0B41C0005604A /* ClassPictureUITestsLaunchTests.swift */; };
/* End PBXBuildFile section */

/* Begin PBXContainerItemProxy section */
		6E979B722BA0B41C0005604A /* PBXContainerItemProxy */ = {
			isa = PBXContainerItemProxy;
			containerPortal = 6E979B592BA0B4190005604A /* Project object */;
			proxyType = 1;
			remoteGlobalIDString = 6E979B602BA0B4190005604A;
			remoteInfo = ClassPicture;
		};
		6E979B7C2BA0B41C0005604A /* PBXContainerItemProxy */ = {
			isa = PBXContainerItemProxy;
			containerPortal = 6E979B592BA0B4190005604A /* Project object */;
			proxyType = 1;
			remoteGlobalIDString = 6E979B602BA0B4190005604A;
			remoteInfo = ClassPicture;
		};
/* End PBXContainerItemProxy section */

/* Begin PBXFileReference section */
		6E979B612BA0B4190005604A /* ClassPicture.app */ = {isa = PBXFileReference; explicitFileType = wrapper.application; includeInIndex = 0; path = ClassPicture.app; sourceTree = BUILT_PRODUCTS_DIR; };
		6E979B642BA0B4190005604A /* ClassPictureApp.swift */ = {isa = PBXFileReference; lastKnownFileType = sourcecode.swift; path = ClassPictureApp.swift; sourceTree = "<group>"; };
		6E979B662BA0B4190005604A /* ContentView.swift */ = {isa = PBXFileReference; lastKnownFileType = sourcecode.swift; path = ContentView.swift; sourceTree = "<group>"; };
		6E979B682BA0B41C0005604A /* Assets.xcassets */ = {isa = PBXFileReference; lastKnownFileType = folder.assetcatalog; path = Assets.xcassets; sourceTree = "<group>"; };
		6E979B6B2BA0B41C0005604A /* Preview Assets.xcassets */ = {isa = PBXFileReference; lastKnownFileType = folder.assetcatalog; path = "Preview Assets.xcassets"; sourceTree = "<group>"; };
		6E979B712BA0B41C0005604A /* ClassPictureTests.xctest */ = {isa = PBXFileReference; explicitFileType = wrapper.cfbundle; includeInIndex = 0; path = ClassPictureTests.xctest; sourceTree = BUILT_PRODUCTS_DIR; };
		6E979B752BA0B41C0005604A /* ClassPictureTests.swift */ = {isa = PBXFileReference; lastKnownFileType = sourcecode.swift; path = ClassPictureTests.swift; sourceTree = "<group>"; };
		6E979B7B2BA0B41C0005604A /* ClassPictureUITests.xctest */ = {isa = PBXFileReference; explicitFileType = wrapper.cfbundle; includeInIndex = 0; path = ClassPictureUITests.xctest; sourceTree = BUILT_PRODUCTS_DIR; };
		6E979B7F2BA0B41C0005604A /* ClassPictureUITests.swift */ = {isa = PBXFileReference; lastKnownFileType = sourcecode.swift; path = ClassPictureUITests.swift; sourceTree = "<group>"; };
		6E979B812BA0B41C0005604A /* ClassPictureUITestsLaunchTests.swift */ = {isa = PBXFileReference; lastKnownFileType = sourcecode.swift; path = ClassPictureUITestsLaunchTests.swift; sourceTree = "<group>"; };
/* End PBXFileReference section */

/* Begin PBXFrameworksBuildPhase section */
		6E979B5E2BA0B4190005604A /* Frameworks */ = {
			isa = PBXFrameworksBuildPhase;
			buildActionMask = 2147483647;
			files = (
			);
			runOnlyForDeploymentPostprocessing = 0;
		};
		6E979B6E2BA0B41C0005604A /* Frameworks */ = {
			isa = PBXFrameworksBuildPhase;
			buildActionMask = 2147483647;
			files = (
			);
			runOnlyForDeploymentPostprocessing = 0;
		};
		6E979B782BA0B41C0005604A /* Frameworks */ = {
			isa = PBXFrameworksBuildPhase;
			buildActionMask = 2147483647;
			files = (
			);
			runOnlyForDeploymentPostprocessing = 0;
		};
/* End PBXFrameworksBuildPhase section */

/* Begin PBXGroup section */
		6E979B582BA0B4190005604A = {
			isa = PBXGroup;
			children = (
				6E979B632BA0B4190005604A /* ClassPicture */,
				6E979B742BA0B41C0005604A /* ClassPictureTests */,
				6E979B7E2BA0B41C0005604A /* ClassPictureUITests */,
				6E979B622BA0B4190005604A /* Products */,
			);
			sourceTree = "<group>";
		};
		6E979B622BA0B4190005604A /* Products */ = {
			isa = PBXGroup;
			children = (
				6E979B612BA0B4190005604A /* ClassPicture.app */,
				6E979B712BA0B41C0005604A /* ClassPictureTests.xctest */,
				6E979B7B2BA0B41C0005604A /* ClassPictureUITests.xctest */,
			);
			name = Products;
			sourceTree = "<group>";
		};
		6E979B632BA0B4190005604A /* ClassPicture */ = {
			isa = PBXGroup;
			children = (
				6E979B642BA0B4190005604A /* ClassPictureApp.swift */,
				6E979B662BA0B4190005604A /* ContentView.swift */,
				6E979B682BA0B41C0005604A /* Assets.xcassets */,
				6E979B6A2BA0B41C0005604A /* Preview Content */,
			);
			path = ClassPicture;
			sourceTree = "<group>";
		};
		6E979B6A2BA0B41C0005604A /* Preview Content */ = {
			isa = PBXGroup;
			children = (
				6E979B6B2BA0B41C0005604A /* Preview Assets.xcassets */,
			);
			path = "Preview Content";
			sourceTree = "<group>";
		};
		6E979B742BA0B41C0005604A /* ClassPictureTests */ = {
			isa = PBXGroup;
			children = (
				6E979B752BA0B41C0005604A /* ClassPictureTests.swift */,
			);
			path = ClassPictureTests;
			sourceTree = "<group>";
		};
		6E979B7E2BA0B41C0005604A /* ClassPictureUITests */ = {
			isa = PBXGroup;
			children = (
				6E979B7F2BA0B41C0005604A /* ClassPictureUITests.swift */,
				6E979B812BA0B41C0005604A /* ClassPictureUITestsLaunchTests.swift */,
			);
			path = ClassPictureUITests;
			sourceTree = "<group>";
		};
/* End PBXGroup section */

/* Begin PBXNativeTarget section */
		6E979B602BA0B4190005604A /* ClassPicture */ = {
			isa = PBXNativeTarget;
			buildConfigurationList = 6E979B852BA0B41C0005604A /* Build configuration list for PBXNativeTarget "ClassPicture" */;
			buildPhases = (
				6E979B5D2BA0B4190005604A /* Sources */,
				6E979B5E2BA0B4190005604A /* Frameworks */,
				6E979B5F2BA0B4190005604A /* Resources */,
			);
			buildRules = (
			);
			dependencies = (
			);
			name = ClassPicture;
			productName = ClassPicture;
			productReference = 6E979B612BA0B4190005604A /* ClassPicture.app */;
			productType = "com.apple.product-type.application";
		};
		6E979B702BA0B41C0005604A /* ClassPictureTests */ = {
			isa = PBXNativeTarget;
			buildConfigurationList = 6E979B882BA0B41C0005604A /* Build configuration list for PBXNativeTarget "ClassPictureTests" */;
			buildPhases = (
				6E979B6D2BA0B41C0005604A /* Sources */,
				6E979B6E2BA0B41C0005604A /* Frameworks */,
				6E979B6F2BA0B41C0005604A /* Resources */,
			);
			buildRules = (
			);
			dependencies = (
				6E979B732BA0B41C0005604A /* PBXTargetDependency */,
			);
			name = ClassPictureTests;
			productName = ClassPictureTests;
			productReference = 6E979B712BA0B41C0005604A /* ClassPictureTests.xctest */;
			productType = "com.apple.product-type.bundle.unit-test";
		};
		6E979B7A2BA0B41C0005604A /* ClassPictureUITests */ = {
			isa = PBXNativeTarget;
			buildConfigurationList = 6E979B8B2BA0B41C0005604A /* Build configuration list for PBXNativeTarget "ClassPictureUITests" */;
			buildPhases = (
				6E979B772BA0B41C0005604A /* Sources */,
				6E979B782BA0B41C0005604A /* Frameworks */,
				6E979B792BA0B41C0005604A /* Resources */,
			);
			buildRules = (
			);
			dependencies = (
				6E979B7D2BA0B41C0005604A /* PBXTargetDependency */,
			);
			name = ClassPictureUITests;
			productName = ClassPictureUITests;
			productReference = 6E979B7B2BA0B41C0005604A /* ClassPictureUITests.xctest */;
			productType = "com.apple.product-type.bundle.ui-testing";
		};
/* End PBXNativeTarget section */

/* Begin PBXProject section */
		6E979B592BA0B4190005604A /* Project object */ = {
			isa = PBXProject;
			attributes = {
				BuildIndependentTargetsInParallel = 1;
				LastSwiftUpdateCheck = 1530;
				LastUpgradeCheck = 1530;
				TargetAttributes = {
					6E979B602BA0B4190005604A = {
						CreatedOnToolsVersion = 15.3;
					};
					6E979B702BA0B41C0005604A = {
						CreatedOnToolsVersion = 15.3;
						TestTargetID = 6E979B602BA0B4190005604A;
					};
					6E979B7A2BA0B41C0005604A = {
						CreatedOnToolsVersion = 15.3;
						TestTargetID = 6E979B602BA0B4190005604A;
					};
				};
			};
			buildConfigurationList = 6E979B5C2BA0B4190005604A /* Build configuration list for PBXProject "ClassPicture" */;
			compatibilityVersion = "Xcode 14.0";
			developmentRegion = en;
			hasScannedForEncodings = 0;
			knownRegions = (
				en,
				Base,
			);
			mainGroup = 6E979B582BA0B4190005604A;
			productRefGroup = 6E979B622BA0B4190005604A /* Products */;
			projectDirPath = "";
			projectRoot = "";
			targets = (
				6E979B602BA0B4190005604A /* ClassPicture */,
				6E979B702BA0B41C0005604A /* ClassPictureTests */,
				6E979B7A2BA0B41C0005604A /* ClassPictureUITests */,
			);
		};
/* End PBXProject section */

/* Begin PBXResourcesBuildPhase section */
		6E979B5F2BA0B4190005604A /* Resources */ = {
			isa = PBXResourcesBuildPhase;
			buildActionMask = 2147483647;
			files = (
				6E979B6C2BA0B41C0005604A /* Preview Assets.xcassets in Resources */,
				6E979B692BA0B41C0005604A /* Assets.xcassets in Resources */,
			);
			runOnlyForDeploymentPostprocessing = 0;
		};
		6E979B6F2BA0B41C0005604A /* Resources */ = {
			isa = PBXResourcesBuildPhase;
			buildActionMask = 2147483647;
			files = (
			);
			runOnlyForDeploymentPostprocessing = 0;
		};
		6E979B792BA0B41C0005604A /* Resources */ = {
			isa = PBXResourcesBuildPhase;
			buildActionMask = 2147483647;
			files = (
			);
			runOnlyForDeploymentPostprocessing = 0;
		};
/* End PBXResourcesBuildPhase section */

/* Begin PBXSourcesBuildPhase section */
		6E979B5D2BA0B4190005604A /* Sources */ = {
			isa = PBXSourcesBuildPhase;
			buildActionMask = 2147483647;
			files = (
				6E979B672BA0B4190005604A /* ContentView.swift in Sources */,
				6E979B652BA0B4190005604A /* ClassPictureApp.swift in Sources */,
			);
			runOnlyForDeploymentPostprocessing = 0;
		};
		6E979B6D2BA0B41C0005604A /* Sources */ = {
			isa = PBXSourcesBuildPhase;
			buildActionMask = 2147483647;
			files = (
				6E979B762BA0B41C0005604A /* ClassPictureTests.swift in Sources */,
			);
			runOnlyForDeploymentPostprocessing = 0;
		};
		6E979B772BA0B41C0005604A /* Sources */ = {
			isa = PBXSourcesBuildPhase;
			buildActionMask = 2147483647;
			files = (
				6E979B822BA0B41C0005604A /* ClassPictureUITestsLaunchTests.swift in Sources */,
				6E979B802BA0B41C0005604A /* ClassPictureUITests.swift in Sources */,
			);
			runOnlyForDeploymentPostprocessing = 0;
		};
/* End PBXSourcesBuildPhase section */

/* Begin PBXTargetDependency section */
		6E979B732BA0B41C0005604A /* PBXTargetDependency */ = {
			isa = PBXTargetDependency;
			target = 6E979B602BA0B4190005604A /* ClassPicture */;
			targetProxy = 6E979B722BA0B41C0005604A /* PBXContainerItemProxy */;
		};
		6E979B7D2BA0B41C0005604A /* PBXTargetDependency */ = {
			isa = PBXTargetDependency;
			target = 6E979B602BA0B4190005604A /* ClassPicture */;
			targetProxy = 6E979B7C2BA0B41C0005604A /* PBXContainerItemProxy */;
		};
/* End PBXTargetDependency section */

/* Begin XCBuildConfiguration section */
		6E979B832BA0B41C0005604A /* Debug */ = {
			isa = XCBuildConfiguration;
			buildSettings = {
				ALWAYS_SEARCH_USER_PATHS = NO;
				ASSETCATALOG_COMPILER_GENERATE_SWIFT_ASSET_SYMBOL_EXTENSIONS = YES;
				CLANG_ANALYZER_NONNULL = YES;
				CLANG_ANALYZER_NUMBER_OBJECT_CONVERSION = YES_AGGRESSIVE;
				CLANG_CXX_LANGUAGE_STANDARD = "gnu++20";
				CLANG_ENABLE_MODULES = YES;
				CLANG_ENABLE_OBJC_ARC = YES;
				CLANG_ENABLE_OBJC_WEAK = YES;
				CLANG_WARN_BLOCK_CAPTURE_AUTORELEASING = YES;
				CLANG_WARN_BOOL_CONVERSION = YES;
				CLANG_WARN_COMMA = YES;
				CLANG_WARN_CONSTANT_CONVERSION = YES;
				CLANG_WARN_DEPRECATED_OBJC_IMPLEMENTATIONS = YES;
				CLANG_WARN_DIRECT_OBJC_ISA_USAGE = YES_ERROR;
				CLANG_WARN_DOCUMENTATION_COMMENTS = YES;
				CLANG_WARN_EMPTY_BODY = YES;
				CLANG_WARN_ENUM_CONVERSION = YES;
				CLANG_WARN_INFINITE_RECURSION = YES;
				CLANG_WARN_INT_CONVERSION = YES;
				CLANG_WARN_NON_LITERAL_NULL_CONVERSION = YES;
				CLANG_WARN_OBJC_IMPLICIT_RETAIN_SELF = YES;
				CLANG_WARN_OBJC_LITERAL_CONVERSION = YES;
				CLANG_WARN_OBJC_ROOT_CLASS = YES_ERROR;
				CLANG_WARN_QUOTED_INCLUDE_IN_FRAMEWORK_HEADER = YES;
				CLANG_WARN_RANGE_LOOP_ANALYSIS = YES;
				CLANG_WARN_STRICT_PROTOTYPES = YES;
				CLANG_WARN_SUSPICIOUS_MOVE = YES;
				CLANG_WARN_UNGUARDED_AVAILABILITY = YES_AGGRESSIVE;
				CLANG_WARN_UNREACHABLE_CODE = YES;
				CLANG_WARN__DUPLICATE_METHOD_MATCH = YES;
				COPY_PHASE_STRIP = NO;
				DEBUG_INFORMATION_FORMAT = dwarf;
				ENABLE_STRICT_OBJC_MSGSEND = YES;
				ENABLE_TESTABILITY = YES;
				ENABLE_USER_SCRIPT_SANDBOXING = YES;
				GCC_C_LANGUAGE_STANDARD = gnu17;
				GCC_DYNAMIC_NO_PIC = NO;
				GCC_NO_COMMON_BLOCKS = YES;
				GCC_OPTIMIZATION_LEVEL = 0;
				GCC_PREPROCESSOR_DEFINITIONS = (
					"DEBUG=1",
					"$(inherited)",
				);
				GCC_WARN_64_TO_32_BIT_CONVERSION = YES;
				GCC_WARN_ABOUT_RETURN_TYPE = YES_ERROR;
				GCC_WARN_UNDECLARED_SELECTOR = YES;
				GCC_WARN_UNINITIALIZED_AUTOS = YES_AGGRESSIVE;
				GCC_WARN_UNUSED_FUNCTION = YES;
				GCC_WARN_UNUSED_VARIABLE = YES;
				IPHONEOS_DEPLOYMENT_TARGET = 17.4;
				LOCALIZATION_PREFERS_STRING_CATALOGS = YES;
				MTL_ENABLE_DEBUG_INFO = INCLUDE_SOURCE;
				MTL_FAST_MATH = YES;
				ONLY_ACTIVE_ARCH = YES;
				SDKROOT = iphoneos;
				SWIFT_ACTIVE_COMPILATION_CONDITIONS = "DEBUG $(inherited)";
				SWIFT_OPTIMIZATION_LEVEL = "-Onone";
			};
			name = Debug;
		};
		6E979B842BA0B41C0005604A /* Release */ = {
			isa = XCBuildConfiguration;
			buildSettings = {
				ALWAYS_SEARCH_USER_PATHS = NO;
				ASSETCATALOG_COMPILER_GENERATE_SWIFT_ASSET_SYMBOL_EXTENSIONS = YES;
				CLANG_ANALYZER_NONNULL = YES;
				CLANG_ANALYZER_NUMBER_OBJECT_CONVERSION = YES_AGGRESSIVE;
				CLANG_CXX_LANGUAGE_STANDARD = "gnu++20";
				CLANG_ENABLE_MODULES = YES;
				CLANG_ENABLE_OBJC_ARC = YES;
				CLANG_ENABLE_OBJC_WEAK = YES;
				CLANG_WARN_BLOCK_CAPTURE_AUTORELEASING = YES;
				CLANG_WARN_BOOL_CONVERSION = YES;
				CLANG_WARN_COMMA = YES;
				CLANG_WARN_CONSTANT_CONVERSION = YES;
				CLANG_WARN_DEPRECATED_OBJC_IMPLEMENTATIONS = YES;
				CLANG_WARN_DIRECT_OBJC_ISA_USAGE = YES_ERROR;
				CLANG_WARN_DOCUMENTATION_COMMENTS = YES;
				CLANG_WARN_EMPTY_BODY = YES;
				CLANG_WARN_ENUM_CONVERSION = YES;
				CLANG_WARN_INFINITE_RECURSION = YES;
				CLANG_WARN_INT_CONVERSION = YES;
				CLANG_WARN_NON_LITERAL_NULL_CONVERSION = YES;
				CLANG_WARN_OBJC_IMPLICIT_RETAIN_SELF = YES;
				CLANG_WARN_OBJC_LITERAL_CONVERSION = YES;
				CLANG_WARN_OBJC_ROOT_CLASS = YES_ERROR;
				CLANG_WARN_QUOTED_INCLUDE_IN_FRAMEWORK_HEADER = YES;
				CLANG_WARN_RANGE_LOOP_ANALYSIS = YES;
				CLANG_WARN_STRICT_PROTOTYPES = YES;
				CLANG_WARN_SUSPICIOUS_MOVE = YES;
				CLANG_WARN_UNGUARDED_AVAILABILITY = YES_AGGRESSIVE;
				CLANG_WARN_UNREACHABLE_CODE = YES;
				CLANG_WARN__DUPLICATE_METHOD_MATCH = YES;
				COPY_PHASE_STRIP = NO;
				DEBUG_INFORMATION_FORMAT = "dwarf-with-dsym";
				ENABLE_NS_ASSERTIONS = NO;
				ENABLE_STRICT_OBJC_MSGSEND = YES;
				ENABLE_USER_SCRIPT_SANDBOXING = YES;
				GCC_C_LANGUAGE_STANDARD = gnu17;
				GCC_NO_COMMON_BLOCKS = YES;
				GCC_WARN_64_TO_32_BIT_CONVERSION = YES;
				GCC_WARN_ABOUT_RETURN_TYPE = YES_ERROR;
				GCC_WARN_UNDECLARED_SELECTOR = YES;
				GCC_WARN_UNINITIALIZED_AUTOS = YES_AGGRESSIVE;
				GCC_WARN_UNUSED_FUNCTION = YES;
				GCC_WARN_UNUSED_VARIABLE = YES;
				IPHONEOS_DEPLOYMENT_TARGET = 17.4;
				LOCALIZATION_PREFERS_STRING_CATALOGS = YES;
				MTL_ENABLE_DEBUG_INFO = NO;
				MTL_FAST_MATH = YES;
				SDKROOT = iphoneos;
				SWIFT_COMPILATION_MODE = wholemodule;
				VALIDATE_PRODUCT = YES;
			};
			name = Release;
		};
		6E979B862BA0B41C0005604A /* Debug */ = {
			isa = XCBuildConfiguration;
			buildSettings = {
				ASSETCATALOG_COMPILER_APPICON_NAME = AppIcon;
				ASSETCATALOG_COMPILER_GLOBAL_ACCENT_COLOR_NAME = AccentColor;
				CODE_SIGN_STYLE = Automatic;
				CURRENT_PROJECT_VERSION = 1;
				DEVELOPMENT_ASSET_PATHS = "\"ClassPicture/Preview Content\"";
				DEVELOPMENT_TEAM = Z535BCL3GF;
				ENABLE_PREVIEWS = YES;
				GENERATE_INFOPLIST_FILE = YES;
				INFOPLIST_KEY_UIApplicationSceneManifest_Generation = YES;
				INFOPLIST_KEY_UIApplicationSupportsIndirectInputEvents = YES;
				INFOPLIST_KEY_UILaunchScreen_Generation = YES;
				INFOPLIST_KEY_UISupportedInterfaceOrientations_iPad = "UIInterfaceOrientationPortrait UIInterfaceOrientationPortraitUpsideDown UIInterfaceOrientationLandscapeLeft UIInterfaceOrientationLandscapeRight";
				INFOPLIST_KEY_UISupportedInterfaceOrientations_iPhone = "UIInterfaceOrientationPortrait UIInterfaceOrientationLandscapeLeft UIInterfaceOrientationLandscapeRight";
				LD_RUNPATH_SEARCH_PATHS = (
					"$(inherited)",
					"@executable_path/Frameworks",
				);
				MARKETING_VERSION = 1.0;
				PRODUCT_BUNDLE_IDENTIFIER = taskiran.ClassPicture;
				PRODUCT_NAME = "$(TARGET_NAME)";
				SWIFT_EMIT_LOC_STRINGS = YES;
				SWIFT_VERSION = 5.0;
				TARGETED_DEVICE_FAMILY = "1,2";
			};
			name = Debug;
		};
		6E979B872BA0B41C0005604A /* Release */ = {
			isa = XCBuildConfiguration;
			buildSettings = {
				ASSETCATALOG_COMPILER_APPICON_NAME = AppIcon;
				ASSETCATALOG_COMPILER_GLOBAL_ACCENT_COLOR_NAME = AccentColor;
				CODE_SIGN_STYLE = Automatic;
				CURRENT_PROJECT_VERSION = 1;
				DEVELOPMENT_ASSET_PATHS = "\"ClassPicture/Preview Content\"";
				DEVELOPMENT_TEAM = Z535BCL3GF;
				ENABLE_PREVIEWS = YES;
				GENERATE_INFOPLIST_FILE = YES;
				INFOPLIST_KEY_UIApplicationSceneManifest_Generation = YES;
				INFOPLIST_KEY_UIApplicationSupportsIndirectInputEvents = YES;
				INFOPLIST_KEY_UILaunchScreen_Generation = YES;
				INFOPLIST_KEY_UISupportedInterfaceOrientations_iPad = "UIInterfaceOrientationPortrait UIInterfaceOrientationPortraitUpsideDown UIInterfaceOrientationLandscapeLeft UIInterfaceOrientationLandscapeRight";
				INFOPLIST_KEY_UISupportedInterfaceOrientations_iPhone = "UIInterfaceOrientationPortrait UIInterfaceOrientationLandscapeLeft UIInterfaceOrientationLandscapeRight";
				LD_RUNPATH_SEARCH_PATHS = (
					"$(inherited)",
					"@executable_path/Frameworks",
				);
				MARKETING_VERSION = 1.0;
				PRODUCT_BUNDLE_IDENTIFIER = taskiran.ClassPicture;
				PRODUCT_NAME = "$(TARGET_NAME)";
				SWIFT_EMIT_LOC_STRINGS = YES;
				SWIFT_VERSION = 5.0;
				TARGETED_DEVICE_FAMILY = "1,2";
			};
			name = Release;
		};
		6E979B892BA0B41C0005604A /* Debug */ = {
			isa = XCBuildConfiguration;
			buildSettings = {
				ALWAYS_EMBED_SWIFT_STANDARD_LIBRARIES = YES;
				BUNDLE_LOADER = "$(TEST_HOST)";
				CODE_SIGN_STYLE = Automatic;
				CURRENT_PROJECT_VERSION = 1;
				DEVELOPMENT_TEAM = Z535BCL3GF;
				GENERATE_INFOPLIST_FILE = YES;
				IPHONEOS_DEPLOYMENT_TARGET = 17.4;
				MARKETING_VERSION = 1.0;
				PRODUCT_BUNDLE_IDENTIFIER = taskiran.ClassPictureTests;
				PRODUCT_NAME = "$(TARGET_NAME)";
				SWIFT_EMIT_LOC_STRINGS = NO;
				SWIFT_VERSION = 5.0;
				TARGETED_DEVICE_FAMILY = "1,2";
				TEST_HOST = "$(BUILT_PRODUCTS_DIR)/ClassPicture.app/$(BUNDLE_EXECUTABLE_FOLDER_PATH)/ClassPicture";
			};
			name = Debug;
		};
		6E979B8A2BA0B41C0005604A /* Release */ = {
			isa = XCBuildConfiguration;
			buildSettings = {
				ALWAYS_EMBED_SWIFT_STANDARD_LIBRARIES = YES;
				BUNDLE_LOADER = "$(TEST_HOST)";
				CODE_SIGN_STYLE = Automatic;
				CURRENT_PROJECT_VERSION = 1;
				DEVELOPMENT_TEAM = Z535BCL3GF;
				GENERATE_INFOPLIST_FILE = YES;
				IPHONEOS_DEPLOYMENT_TARGET = 17.4;
				MARKETING_VERSION = 1.0;
				PRODUCT_BUNDLE_IDENTIFIER = taskiran.ClassPictureTests;
				PRODUCT_NAME = "$(TARGET_NAME)";
				SWIFT_EMIT_LOC_STRINGS = NO;
				SWIFT_VERSION = 5.0;
				TARGETED_DEVICE_FAMILY = "1,2";
				TEST_HOST = "$(BUILT_PRODUCTS_DIR)/ClassPicture.app/$(BUNDLE_EXECUTABLE_FOLDER_PATH)/ClassPicture";
			};
			name = Release;
		};
		6E979B8C2BA0B41C0005604A /* Debug */ = {
			isa = XCBuildConfiguration;
			buildSettings = {
				ALWAYS_EMBED_SWIFT_STANDARD_LIBRARIES = YES;
				CODE_SIGN_STYLE = Automatic;
				CURRENT_PROJECT_VERSION = 1;
				DEVELOPMENT_TEAM = Z535BCL3GF;
				GENERATE_INFOPLIST_FILE = YES;
				MARKETING_VERSION = 1.0;
				PRODUCT_BUNDLE_IDENTIFIER = taskiran.ClassPictureUITests;
				PRODUCT_NAME = "$(TARGET_NAME)";
				SWIFT_EMIT_LOC_STRINGS = NO;
				SWIFT_VERSION = 5.0;
				TARGETED_DEVICE_FAMILY = "1,2";
				TEST_TARGET_NAME = ClassPicture;
			};
			name = Debug;
		};
		6E979B8D2BA0B41C0005604A /* Release */ = {
			isa = XCBuildConfiguration;
			buildSettings = {
				ALWAYS_EMBED_SWIFT_STANDARD_LIBRARIES = YES;
				CODE_SIGN_STYLE = Automatic;
				CURRENT_PROJECT_VERSION = 1;
				DEVELOPMENT_TEAM = Z535BCL3GF;
				GENERATE_INFOPLIST_FILE = YES;
				MARKETING_VERSION = 1.0;
				PRODUCT_BUNDLE_IDENTIFIER = taskiran.ClassPictureUITests;
				PRODUCT_NAME = "$(TARGET_NAME)";
				SWIFT_EMIT_LOC_STRINGS = NO;
				SWIFT_VERSION = 5.0;
				TARGETED_DEVICE_FAMILY = "1,2";
				TEST_TARGET_NAME = ClassPicture;
			};
			name = Release;
		};
/* End XCBuildConfiguration section */

/* Begin XCConfigurationList section */
		6E979B5C2BA0B4190005604A /* Build configuration list for PBXProject "ClassPicture" */ = {
			isa = XCConfigurationList;
			buildConfigurations = (
				6E979B832BA0B41C0005604A /* Debug */,
				6E979B842BA0B41C0005604A /* Release */,
			);
			defaultConfigurationIsVisible = 0;
			defaultConfigurationName = Release;
		};
		6E979B852BA0B41C0005604A /* Build configuration list for PBXNativeTarget "ClassPicture" */ = {
			isa = XCConfigurationList;
			buildConfigurations = (
				6E979B862BA0B41C0005604A /* Debug */,
				6E979B872BA0B41C0005604A /* Release */,
			);
			defaultConfigurationIsVisible = 0;
			defaultConfigurationName = Release;
		};
		6E979B882BA0B41C0005604A /* Build configuration list for PBXNativeTarget "ClassPictureTests" */ = {
			isa = XCConfigurationList;
			buildConfigurations = (
				6E979B892BA0B41C0005604A /* Debug */,
				6E979B8A2BA0B41C0005604A /* Release */,
			);
			defaultConfigurationIsVisible = 0;
			defaultConfigurationName = Release;
		};
		6E979B8B2BA0B41C0005604A /* Build configuration list for PBXNativeTarget "ClassPictureUITests" */ = {
			isa = XCConfigurationList;
			buildConfigurations = (
				6E979B8C2BA0B41C0005604A /* Debug */,
				6E979B8D2BA0B41C0005604A /* Release */,
			);
			defaultConfigurationIsVisible = 0;
			defaultConfigurationName = Release;
		};
/* End XCConfigurationList section */
	};
	rootObject = 6E979B592BA0B4190005604A /* Project object */;
}
